
Microsoft Visual Studio Solution File, Format Version 12.00
Project("{FAE04EC0-301F-11D3-BF4B-00C04F79EFBC}") = "UniversityEquipment", "UniversityEquipment\UniversityEquipment.csproj", "{8173C4C6-9BBB-41B0-9A14-855D664AD4ED}"
EndProject
Global
	GlobalSection(SolutionConfigurationPlatforms) = preSolution
		Debug|Any CPU = Debug|Any CPU
		Release|Any CPU = Release|Any CPU
	EndGlobalSection
	GlobalSection(ProjectConfigurationPlatforms) = postSolution
		{8173C4C6-9BBB-41B0-9A14-855D664AD4ED}.Debug|Any CPU.ActiveCfg = Debug|Any CPU
		{8173C4C6-9BBB-41B0-9A14-855D664AD4ED}.Debug|Any CPU.Build.0 = Debug|Any CPU
		{8173C4C6-9BBB-41B0-9A14-855D664AD4ED}.Release|Any CPU.ActiveCfg = Release|Any CPU
		{8173C4C6-9BBB-41B0-9A14-855D664AD4ED}.Release|Any CPU.Build.0 = Release|Any CPU
	EndGlobalSection
EndGlobal
